// !$*UTF8*$!
{
	archiveVersion = 1;
	classes = {
	};
	objectVersion = 56;
	objects = {

/* Begin PBXBuildFile section */
		36B6615B2B638BB9001F21C3 /* SwiftUI_Apple_FrameworkApp.swift in Sources */ = {isa = PBXBuildFile; fileRef = 36B6615A2B638BB9001F21C3 /* SwiftUI_Apple_FrameworkApp.swift */; };
		36B6615F2B638BBB001F21C3 /* Assets.xcassets in Resources */ = {isa = PBXBuildFile; fileRef = 36B6615E2B638BBB001F21C3 /* Assets.xcassets */; };
		36B661622B638BBB001F21C3 /* Preview Assets.xcassets in Resources */ = {isa = PBXBuildFile; fileRef = 36B661612B638BBB001F21C3 /* Preview Assets.xcassets */; };
		36B6616C2B638BBB001F21C3 /* SwiftUI_Apple_FrameworkTests.swift in Sources */ = {isa = PBXBuildFile; fileRef = 36B6616B2B638BBB001F21C3 /* SwiftUI_Apple_FrameworkTests.swift */; };
		36B661762B638BBB001F21C3 /* SwiftUI_Apple_FrameworkUITests.swift in Sources */ = {isa = PBXBuildFile; fileRef = 36B661752B638BBB001F21C3 /* SwiftUI_Apple_FrameworkUITests.swift */; };
		36B661782B638BBB001F21C3 /* SwiftUI_Apple_FrameworkUITestsLaunchTests.swift in Sources */ = {isa = PBXBuildFile; fileRef = 36B661772B638BBB001F21C3 /* SwiftUI_Apple_FrameworkUITestsLaunchTests.swift */; };
		36B661852B638C59001F21C3 /* Framework.swift in Sources */ = {isa = PBXBuildFile; fileRef = 36B661842B638C59001F21C3 /* Framework.swift */; };
		36B661872B638F7F001F21C3 /* FrameworkGridView.swift in Sources */ = {isa = PBXBuildFile; fileRef = 36B661862B638F7F001F21C3 /* FrameworkGridView.swift */; };
		36B661892B639B44001F21C3 /* FrameworkDetailView.swift in Sources */ = {isa = PBXBuildFile; fileRef = 36B661882B639B44001F21C3 /* FrameworkDetailView.swift */; };
		36B6618D2B63A5D5001F21C3 /* FrameGridViewModel.swift in Sources */ = {isa = PBXBuildFile; fileRef = 36B6618C2B63A5D5001F21C3 /* FrameGridViewModel.swift */; };
		36B6618F2B63B045001F21C3 /* FrameworkTitleView.swift in Sources */ = {isa = PBXBuildFile; fileRef = 36B6618E2B63B045001F21C3 /* FrameworkTitleView.swift */; };
/* End PBXBuildFile section */

/* Begin PBXContainerItemProxy section */
		36B661682B638BBB001F21C3 /* PBXContainerItemProxy */ = {
			isa = PBXContainerItemProxy;
			containerPortal = 36B6614F2B638BB9001F21C3 /* Project object */;
			proxyType = 1;
			remoteGlobalIDString = 36B661562B638BB9001F21C3;
			remoteInfo = "SwiftUI-Apple-Framework";
		};
		36B661722B638BBB001F21C3 /* PBXContainerItemProxy */ = {
			isa = PBXContainerItemProxy;
			containerPortal = 36B6614F2B638BB9001F21C3 /* Project object */;
			proxyType = 1;
			remoteGlobalIDString = 36B661562B638BB9001F21C3;
			remoteInfo = "SwiftUI-Apple-Framework";
		};
/* End PBXContainerItemProxy section */

/* Begin PBXFileReference section */
		36B661572B638BB9001F21C3 /* SwiftUI-Apple-Framework.app */ = {isa = PBXFileReference; explicitFileType = wrapper.application; includeInIndex = 0; path = "SwiftUI-Apple-Framework.app"; sourceTree = BUILT_PRODUCTS_DIR; };
		36B6615A2B638BB9001F21C3 /* SwiftUI_Apple_FrameworkApp.swift */ = {isa = PBXFileReference; lastKnownFileType = sourcecode.swift; path = SwiftUI_Apple_FrameworkApp.swift; sourceTree = "<group>"; };
		36B6615E2B638BBB001F21C3 /* Assets.xcassets */ = {isa = PBXFileReference; lastKnownFileType = folder.assetcatalog; path = Assets.xcassets; sourceTree = "<group>"; };
		36B661612B638BBB001F21C3 /* Preview Assets.xcassets */ = {isa = PBXFileReference; lastKnownFileType = folder.assetcatalog; path = "Preview Assets.xcassets"; sourceTree = "<group>"; };
		36B661672B638BBB001F21C3 /* SwiftUI-Apple-FrameworkTests.xctest */ = {isa = PBXFileReference; explicitFileType = wrapper.cfbundle; includeInIndex = 0; path = "SwiftUI-Apple-FrameworkTests.xctest"; sourceTree = BUILT_PRODUCTS_DIR; };
		36B6616B2B638BBB001F21C3 /* SwiftUI_Apple_FrameworkTests.swift */ = {isa = PBXFileReference; lastKnownFileType = sourcecode.swift; path = SwiftUI_Apple_FrameworkTests.swift; sourceTree = "<group>"; };
		36B661712B638BBB001F21C3 /* SwiftUI-Apple-FrameworkUITests.xctest */ = {isa = PBXFileReference; explicitFileType = wrapper.cfbundle; includeInIndex = 0; path = "SwiftUI-Apple-FrameworkUITests.xctest"; sourceTree = BUILT_PRODUCTS_DIR; };
		36B661752B638BBB001F21C3 /* SwiftUI_Apple_FrameworkUITests.swift */ = {isa = PBXFileReference; lastKnownFileType = sourcecode.swift; path = SwiftUI_Apple_FrameworkUITests.swift; sourceTree = "<group>"; };
		36B661772B638BBB001F21C3 /* SwiftUI_Apple_FrameworkUITestsLaunchTests.swift */ = {isa = PBXFileReference; lastKnownFileType = sourcecode.swift; path = SwiftUI_Apple_FrameworkUITestsLaunchTests.swift; sourceTree = "<group>"; };
		36B661842B638C59001F21C3 /* Framework.swift */ = {isa = PBXFileReference; lastKnownFileType = sourcecode.swift; path = Framework.swift; sourceTree = "<group>"; };
		36B661862B638F7F001F21C3 /* FrameworkGridView.swift */ = {isa = PBXFileReference; lastKnownFileType = sourcecode.swift; path = FrameworkGridView.swift; sourceTree = "<group>"; };
		36B661882B639B44001F21C3 /* FrameworkDetailView.swift */ = {isa = PBXFileReference; lastKnownFileType = sourcecode.swift; path = FrameworkDetailView.swift; sourceTree = "<group>"; };
		36B6618C2B63A5D5001F21C3 /* FrameGridViewModel.swift */ = {isa = PBXFileReference; lastKnownFileType = sourcecode.swift; path = FrameGridViewModel.swift; sourceTree = "<group>"; };
		36B6618E2B63B045001F21C3 /* FrameworkTitleView.swift */ = {isa = PBXFileReference; lastKnownFileType = sourcecode.swift; path = FrameworkTitleView.swift; sourceTree = "<group>"; };
/* End PBXFileReference section */

/* Begin PBXFrameworksBuildPhase section */
		36B661542B638BB9001F21C3 /* Frameworks */ = {
			isa = PBXFrameworksBuildPhase;
			buildActionMask = 2147483647;
			files = (
			);
			runOnlyForDeploymentPostprocessing = 0;
		};
		36B661642B638BBB001F21C3 /* Frameworks */ = {
			isa = PBXFrameworksBuildPhase;
			buildActionMask = 2147483647;
			files = (
			);
			runOnlyForDeploymentPostprocessing = 0;
		};
		36B6616E2B638BBB001F21C3 /* Frameworks */ = {
			isa = PBXFrameworksBuildPhase;
			buildActionMask = 2147483647;
			files = (
			);
			runOnlyForDeploymentPostprocessing = 0;
		};
/* End PBXFrameworksBuildPhase section */

/* Begin PBXGroup section */
		36B6614E2B638BB9001F21C3 = {
			isa = PBXGroup;
			children = (
				36B661592B638BB9001F21C3 /* SwiftUI-Apple-Framework */,
				36B6616A2B638BBB001F21C3 /* SwiftUI-Apple-FrameworkTests */,
				36B661742B638BBB001F21C3 /* SwiftUI-Apple-FrameworkUITests */,
				36B661582B638BB9001F21C3 /* Products */,
			);
			sourceTree = "<group>";
		};
		36B661582B638BB9001F21C3 /* Products */ = {
			isa = PBXGroup;
			children = (
				36B661572B638BB9001F21C3 /* SwiftUI-Apple-Framework.app */,
				36B661672B638BBB001F21C3 /* SwiftUI-Apple-FrameworkTests.xctest */,
				36B661712B638BBB001F21C3 /* SwiftUI-Apple-FrameworkUITests.xctest */,
			);
			name = Products;
			sourceTree = "<group>";
		};
		36B661592B638BB9001F21C3 /* SwiftUI-Apple-Framework */ = {
			isa = PBXGroup;
			children = (
				36B6615A2B638BB9001F21C3 /* SwiftUI_Apple_FrameworkApp.swift */,
				36B661942B63B26C001F21C3 /* Components */,
				36B661932B63B248001F21C3 /* MockData */,
				36B661902B63B20B001F21C3 /* Screens */,
				36B661602B638BBB001F21C3 /* Preview Content */,
				36B6615E2B638BBB001F21C3 /* Assets.xcassets */,
			);
			path = "SwiftUI-Apple-Framework";
			sourceTree = "<group>";
		};
		36B661602B638BBB001F21C3 /* Preview Content */ = {
			isa = PBXGroup;
			children = (
				36B661612B638BBB001F21C3 /* Preview Assets.xcassets */,
			);
			path = "Preview Content";
			sourceTree = "<group>";
		};
		36B6616A2B638BBB001F21C3 /* SwiftUI-Apple-FrameworkTests */ = {
			isa = PBXGroup;
			children = (
				36B6616B2B638BBB001F21C3 /* SwiftUI_Apple_FrameworkTests.swift */,
			);
			path = "SwiftUI-Apple-FrameworkTests";
			sourceTree = "<group>";
		};
		36B661742B638BBB001F21C3 /* SwiftUI-Apple-FrameworkUITests */ = {
			isa = PBXGroup;
			children = (
				36B661752B638BBB001F21C3 /* SwiftUI_Apple_FrameworkUITests.swift */,
				36B661772B638BBB001F21C3 /* SwiftUI_Apple_FrameworkUITestsLaunchTests.swift */,
			);
			path = "SwiftUI-Apple-FrameworkUITests";
			sourceTree = "<group>";
		};
		36B661902B63B20B001F21C3 /* Screens */ = {
			isa = PBXGroup;
			children = (
				36B661912B63B219001F21C3 /* GridView */,
				36B661922B63B231001F21C3 /* Detail */,
			);
			path = Screens;
			sourceTree = "<group>";
		};
		36B661912B63B219001F21C3 /* GridView */ = {
			isa = PBXGroup;
			children = (
				36B661862B638F7F001F21C3 /* FrameworkGridView.swift */,
				36B6618C2B63A5D5001F21C3 /* FrameGridViewModel.swift */,
			);
			path = GridView;
			sourceTree = "<group>";
		};
		36B661922B63B231001F21C3 /* Detail */ = {
			isa = PBXGroup;
			children = (
				36B661882B639B44001F21C3 /* FrameworkDetailView.swift */,
			);
			path = Detail;
			sourceTree = "<group>";
		};
		36B661932B63B248001F21C3 /* MockData */ = {
			isa = PBXGroup;
			children = (
				36B661842B638C59001F21C3 /* Framework.swift */,
			);
			path = MockData;
			sourceTree = "<group>";
		};
		36B661942B63B26C001F21C3 /* Components */ = {
			isa = PBXGroup;
			children = (
				36B661952B63B2A7001F21C3 /* FrameworkTitle */,
			);
			path = Components;
			sourceTree = "<group>";
		};
		36B661952B63B2A7001F21C3 /* FrameworkTitle */ = {
			isa = PBXGroup;
			children = (
				36B6618E2B63B045001F21C3 /* FrameworkTitleView.swift */,
			);
			path = FrameworkTitle;
			sourceTree = "<group>";
		};
/* End PBXGroup section */

/* Begin PBXNativeTarget section */
		36B661562B638BB9001F21C3 /* SwiftUI-Apple-Framework */ = {
			isa = PBXNativeTarget;
			buildConfigurationList = 36B6617B2B638BBB001F21C3 /* Build configuration list for PBXNativeTarget "SwiftUI-Apple-Framework" */;
			buildPhases = (
				36B661532B638BB9001F21C3 /* Sources */,
				36B661542B638BB9001F21C3 /* Frameworks */,
				36B661552B638BB9001F21C3 /* Resources */,
			);
			buildRules = (
			);
			dependencies = (
			);
			name = "SwiftUI-Apple-Framework";
			productName = "SwiftUI-Apple-Framework";
			productReference = 36B661572B638BB9001F21C3 /* SwiftUI-Apple-Framework.app */;
			productType = "com.apple.product-type.application";
		};
		36B661662B638BBB001F21C3 /* SwiftUI-Apple-FrameworkTests */ = {
			isa = PBXNativeTarget;
			buildConfigurationList = 36B6617E2B638BBB001F21C3 /* Build configuration list for PBXNativeTarget "SwiftUI-Apple-FrameworkTests" */;
			buildPhases = (
				36B661632B638BBB001F21C3 /* Sources */,
				36B661642B638BBB001F21C3 /* Frameworks */,
				36B661652B638BBB001F21C3 /* Resources */,
			);
			buildRules = (
			);
			dependencies = (
				36B661692B638BBB001F21C3 /* PBXTargetDependency */,
			);
			name = "SwiftUI-Apple-FrameworkTests";
			productName = "SwiftUI-Apple-FrameworkTests";
			productReference = 36B661672B638BBB001F21C3 /* SwiftUI-Apple-FrameworkTests.xctest */;
			productType = "com.apple.product-type.bundle.unit-test";
		};
		36B661702B638BBB001F21C3 /* SwiftUI-Apple-FrameworkUITests */ = {
			isa = PBXNativeTarget;
			buildConfigurationList = 36B661812B638BBB001F21C3 /* Build configuration list for PBXNativeTarget "SwiftUI-Apple-FrameworkUITests" */;
			buildPhases = (
				36B6616D2B638BBB001F21C3 /* Sources */,
				36B6616E2B638BBB001F21C3 /* Frameworks */,
				36B6616F2B638BBB001F21C3 /* Resources */,
			);
			buildRules = (
			);
			dependencies = (
				36B661732B638BBB001F21C3 /* PBXTargetDependency */,
			);
			name = "SwiftUI-Apple-FrameworkUITests";
			productName = "SwiftUI-Apple-FrameworkUITests";
			productReference = 36B661712B638BBB001F21C3 /* SwiftUI-Apple-FrameworkUITests.xctest */;
			productType = "com.apple.product-type.bundle.ui-testing";
		};
/* End PBXNativeTarget section */

/* Begin PBXProject section */
		36B6614F2B638BB9001F21C3 /* Project object */ = {
			isa = PBXProject;
			attributes = {
				BuildIndependentTargetsInParallel = 1;
				LastSwiftUpdateCheck = 1430;
				LastUpgradeCheck = 1430;
				TargetAttributes = {
					36B661562B638BB9001F21C3 = {
						CreatedOnToolsVersion = 14.3.1;
					};
					36B661662B638BBB001F21C3 = {
						CreatedOnToolsVersion = 14.3.1;
						TestTargetID = 36B661562B638BB9001F21C3;
					};
					36B661702B638BBB001F21C3 = {
						CreatedOnToolsVersion = 14.3.1;
						TestTargetID = 36B661562B638BB9001F21C3;
					};
				};
			};
			buildConfigurationList = 36B661522B638BB9001F21C3 /* Build configuration list for PBXProject "SwiftUI-Apple-Framework" */;
			compatibilityVersion = "Xcode 14.0";
			developmentRegion = en;
			hasScannedForEncodings = 0;
			knownRegions = (
				en,
				Base,
			);
			mainGroup = 36B6614E2B638BB9001F21C3;
			productRefGroup = 36B661582B638BB9001F21C3 /* Products */;
			projectDirPath = "";
			projectRoot = "";
			targets = (
				36B661562B638BB9001F21C3 /* SwiftUI-Apple-Framework */,
				36B661662B638BBB001F21C3 /* SwiftUI-Apple-FrameworkTests */,
				36B661702B638BBB001F21C3 /* SwiftUI-Apple-FrameworkUITests */,
			);
		};
/* End PBXProject section */

/* Begin PBXResourcesBuildPhase section */
		36B661552B638BB9001F21C3 /* Resources */ = {
			isa = PBXResourcesBuildPhase;
			buildActionMask = 2147483647;
			files = (
				36B661622B638BBB001F21C3 /* Preview Assets.xcassets in Resources */,
				36B6615F2B638BBB001F21C3 /* Assets.xcassets in Resources */,
			);
			runOnlyForDeploymentPostprocessing = 0;
		};
		36B661652B638BBB001F21C3 /* Resources */ = {
			isa = PBXResourcesBuildPhase;
			buildActionMask = 2147483647;
			files = (
			);
			runOnlyForDeploymentPostprocessing = 0;
		};
		36B6616F2B638BBB001F21C3 /* Resources */ = {
			isa = PBXResourcesBuildPhase;
			buildActionMask = 2147483647;
			files = (
			);
			runOnlyForDeploymentPostprocessing = 0;
		};
/* End PBXResourcesBuildPhase section */

/* Begin PBXSourcesBuildPhase section */
		36B661532B638BB9001F21C3 /* Sources */ = {
			isa = PBXSourcesBuildPhase;
			buildActionMask = 2147483647;
			files = (
				36B661892B639B44001F21C3 /* FrameworkDetailView.swift in Sources */,
				36B661872B638F7F001F21C3 /* FrameworkGridView.swift in Sources */,
				36B661852B638C59001F21C3 /* Framework.swift in Sources */,
				36B6615B2B638BB9001F21C3 /* SwiftUI_Apple_FrameworkApp.swift in Sources */,
				36B6618F2B63B045001F21C3 /* FrameworkTitleView.swift in Sources */,
				36B6618D2B63A5D5001F21C3 /* FrameGridViewModel.swift in Sources */,
			);
			runOnlyForDeploymentPostprocessing = 0;
		};
		36B661632B638BBB001F21C3 /* Sources */ = {
			isa = PBXSourcesBuildPhase;
			buildActionMask = 2147483647;
			files = (
				36B6616C2B638BBB001F21C3 /* SwiftUI_Apple_FrameworkTests.swift in Sources */,
			);
			runOnlyForDeploymentPostprocessing = 0;
		};
		36B6616D2B638BBB001F21C3 /* Sources */ = {
			isa = PBXSourcesBuildPhase;
			buildActionMask = 2147483647;
			files = (
				36B661782B638BBB001F21C3 /* SwiftUI_Apple_FrameworkUITestsLaunchTests.swift in Sources */,
				36B661762B638BBB001F21C3 /* SwiftUI_Apple_FrameworkUITests.swift in Sources */,
			);
			runOnlyForDeploymentPostprocessing = 0;
		};
/* End PBXSourcesBuildPhase section */

/* Begin PBXTargetDependency section */
		36B661692B638BBB001F21C3 /* PBXTargetDependency */ = {
			isa = PBXTargetDependency;
			target = 36B661562B638BB9001F21C3 /* SwiftUI-Apple-Framework */;
			targetProxy = 36B661682B638BBB001F21C3 /* PBXContainerItemProxy */;
		};
		36B661732B638BBB001F21C3 /* PBXTargetDependency */ = {
			isa = PBXTargetDependency;
			target = 36B661562B638BB9001F21C3 /* SwiftUI-Apple-Framework */;
			targetProxy = 36B661722B638BBB001F21C3 /* PBXContainerItemProxy */;
		};
/* End PBXTargetDependency section */

/* Begin XCBuildConfiguration section */
		36B661792B638BBB001F21C3 /* Debug */ = {
			isa = XCBuildConfiguration;
			buildSettings = {
				ALWAYS_SEARCH_USER_PATHS = NO;
				CLANG_ANALYZER_NONNULL = YES;
				CLANG_ANALYZER_NUMBER_OBJECT_CONVERSION = YES_AGGRESSIVE;
				CLANG_CXX_LANGUAGE_STANDARD = "gnu++20";
				CLANG_ENABLE_MODULES = YES;
				CLANG_ENABLE_OBJC_ARC = YES;
				CLANG_ENABLE_OBJC_WEAK = YES;
				CLANG_WARN_BLOCK_CAPTURE_AUTORELEASING = YES;
				CLANG_WARN_BOOL_CONVERSION = YES;
				CLANG_WARN_COMMA = YES;
				CLANG_WARN_CONSTANT_CONVERSION = YES;
				CLANG_WARN_DEPRECATED_OBJC_IMPLEMENTATIONS = YES;
				CLANG_WARN_DIRECT_OBJC_ISA_USAGE = YES_ERROR;
				CLANG_WARN_DOCUMENTATION_COMMENTS = YES;
				CLANG_WARN_EMPTY_BODY = YES;
				CLANG_WARN_ENUM_CONVERSION = YES;
				CLANG_WARN_INFINITE_RECURSION = YES;
				CLANG_WARN_INT_CONVERSION = YES;
				CLANG_WARN_NON_LITERAL_NULL_CONVERSION = YES;
				CLANG_WARN_OBJC_IMPLICIT_RETAIN_SELF = YES;
				CLANG_WARN_OBJC_LITERAL_CONVERSION = YES;
				CLANG_WARN_OBJC_ROOT_CLASS = YES_ERROR;
				CLANG_WARN_QUOTED_INCLUDE_IN_FRAMEWORK_HEADER = YES;
				CLANG_WARN_RANGE_LOOP_ANALYSIS = YES;
				CLANG_WARN_STRICT_PROTOTYPES = YES;
				CLANG_WARN_SUSPICIOUS_MOVE = YES;
				CLANG_WARN_UNGUARDED_AVAILABILITY = YES_AGGRESSIVE;
				CLANG_WARN_UNREACHABLE_CODE = YES;
				CLANG_WARN__DUPLICATE_METHOD_MATCH = YES;
				COPY_PHASE_STRIP = NO;
				DEBUG_INFORMATION_FORMAT = dwarf;
				ENABLE_STRICT_OBJC_MSGSEND = YES;
				ENABLE_TESTABILITY = YES;
				GCC_C_LANGUAGE_STANDARD = gnu11;
				GCC_DYNAMIC_NO_PIC = NO;
				GCC_NO_COMMON_BLOCKS = YES;
				GCC_OPTIMIZATION_LEVEL = 0;
				GCC_PREPROCESSOR_DEFINITIONS = (
					"DEBUG=1",
					"$(inherited)",
				);
				GCC_WARN_64_TO_32_BIT_CONVERSION = YES;
				GCC_WARN_ABOUT_RETURN_TYPE = YES_ERROR;
				GCC_WARN_UNDECLARED_SELECTOR = YES;
				GCC_WARN_UNINITIALIZED_AUTOS = YES_AGGRESSIVE;
				GCC_WARN_UNUSED_FUNCTION = YES;
				GCC_WARN_UNUSED_VARIABLE = YES;
				IPHONEOS_DEPLOYMENT_TARGET = 16.4;
				MTL_ENABLE_DEBUG_INFO = INCLUDE_SOURCE;
				MTL_FAST_MATH = YES;
				ONLY_ACTIVE_ARCH = YES;
				SDKROOT = iphoneos;
				SWIFT_ACTIVE_COMPILATION_CONDITIONS = DEBUG;
				SWIFT_OPTIMIZATION_LEVEL = "-Onone";
			};
			name = Debug;
		};
		36B6617A2B638BBB001F21C3 /* Release */ = {
			isa = XCBuildConfiguration;
			buildSettings = {
				ALWAYS_SEARCH_USER_PATHS = NO;
				CLANG_ANALYZER_NONNULL = YES;
				CLANG_ANALYZER_NUMBER_OBJECT_CONVERSION = YES_AGGRESSIVE;
				CLANG_CXX_LANGUAGE_STANDARD = "gnu++20";
				CLANG_ENABLE_MODULES = YES;
				CLANG_ENABLE_OBJC_ARC = YES;
				CLANG_ENABLE_OBJC_WEAK = YES;
				CLANG_WARN_BLOCK_CAPTURE_AUTORELEASING = YES;
				CLANG_WARN_BOOL_CONVERSION = YES;
				CLANG_WARN_COMMA = YES;
				CLANG_WARN_CONSTANT_CONVERSION = YES;
				CLANG_WARN_DEPRECATED_OBJC_IMPLEMENTATIONS = YES;
				CLANG_WARN_DIRECT_OBJC_ISA_USAGE = YES_ERROR;
				CLANG_WARN_DOCUMENTATION_COMMENTS = YES;
				CLANG_WARN_EMPTY_BODY = YES;
				CLANG_WARN_ENUM_CONVERSION = YES;
				CLANG_WARN_INFINITE_RECURSION = YES;
				CLANG_WARN_INT_CONVERSION = YES;
				CLANG_WARN_NON_LITERAL_NULL_CONVERSION = YES;
				CLANG_WARN_OBJC_IMPLICIT_RETAIN_SELF = YES;
				CLANG_WARN_OBJC_LITERAL_CONVERSION = YES;
				CLANG_WARN_OBJC_ROOT_CLASS = YES_ERROR;
				CLANG_WARN_QUOTED_INCLUDE_IN_FRAMEWORK_HEADER = YES;
				CLANG_WARN_RANGE_LOOP_ANALYSIS = YES;
				CLANG_WARN_STRICT_PROTOTYPES = YES;
				CLANG_WARN_SUSPICIOUS_MOVE = YES;
				CLANG_WARN_UNGUARDED_AVAILABILITY = YES_AGGRESSIVE;
				CLANG_WARN_UNREACHABLE_CODE = YES;
				CLANG_WARN__DUPLICATE_METHOD_MATCH = YES;
				COPY_PHASE_STRIP = NO;
				DEBUG_INFORMATION_FORMAT = "dwarf-with-dsym";
				ENABLE_NS_ASSERTIONS = NO;
				ENABLE_STRICT_OBJC_MSGSEND = YES;
				GCC_C_LANGUAGE_STANDARD = gnu11;
				GCC_NO_COMMON_BLOCKS = YES;
				GCC_WARN_64_TO_32_BIT_CONVERSION = YES;
				GCC_WARN_ABOUT_RETURN_TYPE = YES_ERROR;
				GCC_WARN_UNDECLARED_SELECTOR = YES;
				GCC_WARN_UNINITIALIZED_AUTOS = YES_AGGRESSIVE;
				GCC_WARN_UNUSED_FUNCTION = YES;
				GCC_WARN_UNUSED_VARIABLE = YES;
				IPHONEOS_DEPLOYMENT_TARGET = 16.4;
				MTL_ENABLE_DEBUG_INFO = NO;
				MTL_FAST_MATH = YES;
				SDKROOT = iphoneos;
				SWIFT_COMPILATION_MODE = wholemodule;
				SWIFT_OPTIMIZATION_LEVEL = "-O";
				VALIDATE_PRODUCT = YES;
			};
			name = Release;
		};
		36B6617C2B638BBB001F21C3 /* Debug */ = {
			isa = XCBuildConfiguration;
			buildSettings = {
				ASSETCATALOG_COMPILER_APPICON_NAME = AppIcon;
				ASSETCATALOG_COMPILER_GLOBAL_ACCENT_COLOR_NAME = AccentColor;
				CODE_SIGN_STYLE = Automatic;
				CURRENT_PROJECT_VERSION = 1;
				DEVELOPMENT_ASSET_PATHS = "\"SwiftUI-Apple-Framework/Preview Content\"";
				ENABLE_PREVIEWS = YES;
				GENERATE_INFOPLIST_FILE = YES;
				INFOPLIST_KEY_UIApplicationSceneManifest_Generation = YES;
				INFOPLIST_KEY_UIApplicationSupportsIndirectInputEvents = YES;
				INFOPLIST_KEY_UILaunchScreen_Generation = YES;
				INFOPLIST_KEY_UISupportedInterfaceOrientations_iPad = "UIInterfaceOrientationPortrait UIInterfaceOrientationPortraitUpsideDown UIInterfaceOrientationLandscapeLeft UIInterfaceOrientationLandscapeRight";
				INFOPLIST_KEY_UISupportedInterfaceOrientations_iPhone = "UIInterfaceOrientationPortrait UIInterfaceOrientationLandscapeLeft UIInterfaceOrientationLandscapeRight";
				LD_RUNPATH_SEARCH_PATHS = (
					"$(inherited)",
					"@executable_path/Frameworks",
				);
				MARKETING_VERSION = 1.0;
				PRODUCT_BUNDLE_IDENTIFIER = "com.rn.dev.SwiftUI-Apple-Framework";
				PRODUCT_NAME = "$(TARGET_NAME)";
				SWIFT_EMIT_LOC_STRINGS = YES;
				SWIFT_VERSION = 5.0;
				TARGETED_DEVICE_FAMILY = "1,2";
			};
			name = Debug;
		};
		36B6617D2B638BBB001F21C3 /* Release */ = {
			isa = XCBuildConfiguration;
			buildSettings = {
				ASSETCATALOG_COMPILER_APPICON_NAME = AppIcon;
				ASSETCATALOG_COMPILER_GLOBAL_ACCENT_COLOR_NAME = AccentColor;
				CODE_SIGN_STYLE = Automatic;
				CURRENT_PROJECT_VERSION = 1;
				DEVELOPMENT_ASSET_PATHS = "\"SwiftUI-Apple-Framework/Preview Content\"";
				ENABLE_PREVIEWS = YES;
				GENERATE_INFOPLIST_FILE = YES;
				INFOPLIST_KEY_UIApplicationSceneManifest_Generation = YES;
				INFOPLIST_KEY_UIApplicationSupportsIndirectInputEvents = YES;
				INFOPLIST_KEY_UILaunchScreen_Generation = YES;
				INFOPLIST_KEY_UISupportedInterfaceOrientations_iPad = "UIInterfaceOrientationPortrait UIInterfaceOrientationPortraitUpsideDown UIInterfaceOrientationLandscapeLeft UIInterfaceOrientationLandscapeRight";
				INFOPLIST_KEY_UISupportedInterfaceOrientations_iPhone = "UIInterfaceOrientationPortrait UIInterfaceOrientationLandscapeLeft UIInterfaceOrientationLandscapeRight";
				LD_RUNPATH_SEARCH_PATHS = (
					"$(inherited)",
					"@executable_path/Frameworks",
				);
				MARKETING_VERSION = 1.0;
				PRODUCT_BUNDLE_IDENTIFIER = "com.rn.dev.SwiftUI-Apple-Framework";
				PRODUCT_NAME = "$(TARGET_NAME)";
				SWIFT_EMIT_LOC_STRINGS = YES;
				SWIFT_VERSION = 5.0;
				TARGETED_DEVICE_FAMILY = "1,2";
			};
			name = Release;
		};
		36B6617F2B638BBB001F21C3 /* Debug */ = {
			isa = XCBuildConfiguration;
			buildSettings = {
				ALWAYS_EMBED_SWIFT_STANDARD_LIBRARIES = YES;
				BUNDLE_LOADER = "$(TEST_HOST)";
				CODE_SIGN_STYLE = Automatic;
				CURRENT_PROJECT_VERSION = 1;
				GENERATE_INFOPLIST_FILE = YES;
				IPHONEOS_DEPLOYMENT_TARGET = 16.4;
				MARKETING_VERSION = 1.0;
				PRODUCT_BUNDLE_IDENTIFIER = "com.rn.dev.SwiftUI-Apple-FrameworkTests";
				PRODUCT_NAME = "$(TARGET_NAME)";
				SWIFT_EMIT_LOC_STRINGS = NO;
				SWIFT_VERSION = 5.0;
				TARGETED_DEVICE_FAMILY = "1,2";
				TEST_HOST = "$(BUILT_PRODUCTS_DIR)/SwiftUI-Apple-Framework.app/$(BUNDLE_EXECUTABLE_FOLDER_PATH)/SwiftUI-Apple-Framework";
			};
			name = Debug;
		};
		36B661802B638BBB001F21C3 /* Release */ = {
			isa = XCBuildConfiguration;
			buildSettings = {
				ALWAYS_EMBED_SWIFT_STANDARD_LIBRARIES = YES;
				BUNDLE_LOADER = "$(TEST_HOST)";
				CODE_SIGN_STYLE = Automatic;
				CURRENT_PROJECT_VERSION = 1;
				GENERATE_INFOPLIST_FILE = YES;
				IPHONEOS_DEPLOYMENT_TARGET = 16.4;
				MARKETING_VERSION = 1.0;
				PRODUCT_BUNDLE_IDENTIFIER = "com.rn.dev.SwiftUI-Apple-FrameworkTests";
				PRODUCT_NAME = "$(TARGET_NAME)";
				SWIFT_EMIT_LOC_STRINGS = NO;
				SWIFT_VERSION = 5.0;
				TARGETED_DEVICE_FAMILY = "1,2";
				TEST_HOST = "$(BUILT_PRODUCTS_DIR)/SwiftUI-Apple-Framework.app/$(BUNDLE_EXECUTABLE_FOLDER_PATH)/SwiftUI-Apple-Framework";
			};
			name = Release;
		};
		36B661822B638BBB001F21C3 /* Debug */ = {
			isa = XCBuildConfiguration;
			buildSettings = {
				ALWAYS_EMBED_SWIFT_STANDARD_LIBRARIES = YES;
				CODE_SIGN_STYLE = Automatic;
				CURRENT_PROJECT_VERSION = 1;
				GENERATE_INFOPLIST_FILE = YES;
				MARKETING_VERSION = 1.0;
				PRODUCT_BUNDLE_IDENTIFIER = "com.rn.dev.SwiftUI-Apple-FrameworkUITests";
				PRODUCT_NAME = "$(TARGET_NAME)";
				SWIFT_EMIT_LOC_STRINGS = NO;
				SWIFT_VERSION = 5.0;
				TARGETED_DEVICE_FAMILY = "1,2";
				TEST_TARGET_NAME = "SwiftUI-Apple-Framework";
			};
			name = Debug;
		};
		36B661832B638BBB001F21C3 /* Release */ = {
			isa = XCBuildConfiguration;
			buildSettings = {
				ALWAYS_EMBED_SWIFT_STANDARD_LIBRARIES = YES;
				CODE_SIGN_STYLE = Automatic;
				CURRENT_PROJECT_VERSION = 1;
				GENERATE_INFOPLIST_FILE = YES;
				MARKETING_VERSION = 1.0;
				PRODUCT_BUNDLE_IDENTIFIER = "com.rn.dev.SwiftUI-Apple-FrameworkUITests";
				PRODUCT_NAME = "$(TARGET_NAME)";
				SWIFT_EMIT_LOC_STRINGS = NO;
				SWIFT_VERSION = 5.0;
				TARGETED_DEVICE_FAMILY = "1,2";
				TEST_TARGET_NAME = "SwiftUI-Apple-Framework";
			};
			name = Release;
		};
/* End XCBuildConfiguration section */

/* Begin XCConfigurationList section */
		36B661522B638BB9001F21C3 /* Build configuration list for PBXProject "SwiftUI-Apple-Framework" */ = {
			isa = XCConfigurationList;
			buildConfigurations = (
				36B661792B638BBB001F21C3 /* Debug */,
				36B6617A2B638BBB001F21C3 /* Release */,
			);
			defaultConfigurationIsVisible = 0;
			defaultConfigurationName = Release;
		};
		36B6617B2B638BBB001F21C3 /* Build configuration list for PBXNativeTarget "SwiftUI-Apple-Framework" */ = {
			isa = XCConfigurationList;
			buildConfigurations = (
				36B6617C2B638BBB001F21C3 /* Debug */,
				36B6617D2B638BBB001F21C3 /* Release */,
			);
			defaultConfigurationIsVisible = 0;
			defaultConfigurationName = Release;
		};
		36B6617E2B638BBB001F21C3 /* Build configuration list for PBXNativeTarget "SwiftUI-Apple-FrameworkTests" */ = {
			isa = XCConfigurationList;
			buildConfigurations = (
				36B6617F2B638BBB001F21C3 /* Debug */,
				36B661802B638BBB001F21C3 /* Release */,
			);
			defaultConfigurationIsVisible = 0;
			defaultConfigurationName = Release;
		};
		36B661812B638BBB001F21C3 /* Build configuration list for PBXNativeTarget "SwiftUI-Apple-FrameworkUITests" */ = {
			isa = XCConfigurationList;
			buildConfigurations = (
				36B661822B638BBB001F21C3 /* Debug */,
				36B661832B638BBB001F21C3 /* Release */,
			);
			defaultConfigurationIsVisible = 0;
			defaultConfigurationName = Release;
		};
/* End XCConfigurationList section */
	};
	rootObject = 36B6614F2B638BB9001F21C3 /* Project object */;
}
